
Microsoft Visual Studio Solution File, Format Version 12.00
# Visual Studio Version 16
VisualStudioVersion = 16.0.32510.428
MinimumVisualStudioVersion = 10.0.40219.1
Project("{FAE04EC0-301F-11D3-BF4B-00C04F79EFBC}") = "CSharpAdvanced", "CSharpAdvanced\CSharpAdvanced.csproj", "{B3CBA07B-3D0C-44E8-B3AE-2D0B8DAF8D7C}"
EndProject
Global
	GlobalSection(SolutionConfigurationPlatforms) = preSolution
		Debug|Any CPU = Debug|Any CPU
		Release|Any CPU = Release|Any CPU
	EndGlobalSection
	GlobalSection(ProjectConfigurationPlatforms) = postSolution
		{B3CBA07B-3D0C-44E8-B3AE-2D0B8DAF8D7C}.Debug|Any CPU.ActiveCfg = Debug|Any CPU
		{B3CBA07B-3D0C-44E8-B3AE-2D0B8DAF8D7C}.Debug|Any CPU.Build.0 = Debug|Any CPU
		{B3CBA07B-3D0C-44E8-B3AE-2D0B8DAF8D7C}.Release|Any CPU.ActiveCfg = Release|Any CPU
		{B3CBA07B-3D0C-44E8-B3AE-2D0B8DAF8D7C}.Release|Any CPU.Build.0 = Release|Any CPU
	EndGlobalSection
	GlobalSection(SolutionProperties) = preSolution
		HideSolutionNode = FALSE
	EndGlobalSection
	GlobalSection(ExtensibilityGlobals) = postSolution
		SolutionGuid = {906910D7-2AF4-434E-B189-2F7265920EE3}
	EndGlobalSection
EndGlobal
